<?xml version="1.0" encoding="UTF-8"?>
<!DOCTYPE plist PUBLIC "-//Apple//DTD PLIST 1.0//EN" "http://www.apple.com/DTDs/PropertyList-1.0.dtd">
<plist version="1.0">
<dict>
	<key>archiveVersion</key>
	<string>1</string>
	<key>classes</key>
	<dict/>
	<key>objectVersion</key>
	<string>46</string>
	<key>objects</key>
	<dict>
		<key>268C26509B45438FAC3C95CC</key>
		<dict>
			<key>fileRef</key>
			<string>EA156ADB689E7DCFDC642340</string>
			<key>isa</key>
			<string>PBXBuildFile</string>
		</dict>
		<key>901E20DB1B1CEE3A0030727F</key>
		<dict>
			<key>children</key>
			<array>
				<string>901E20E61B1CEE3A0030727F</string>
				<string>901E21001B1CEE3A0030727F</string>
				<string>901E20E51B1CEE3A0030727F</string>
				<string>CD3FA798CFDE9255A84C4CDF</string>
				<string>A9BAAF8E917BD38FFE0E126C</string>
			</array>
			<key>isa</key>
			<string>PBXGroup</string>
			<key>sourceTree</key>
			<string>&lt;group&gt;</string>
		</dict>
		<key>901E20DC1B1CEE3A0030727F</key>
		<dict>
			<key>attributes</key>
			<dict>
				<key>LastUpgradeCheck</key>
				<string>0630</string>
				<key>ORGANIZATIONNAME</key>
				<string>Jukebox</string>
				<key>TargetAttributes</key>
				<dict>
					<key>901E20E31B1CEE3A0030727F</key>
					<dict>
						<key>CreatedOnToolsVersion</key>
						<string>6.3.1</string>
					</dict>
					<key>901E20FC1B1CEE3A0030727F</key>
					<dict>
						<key>CreatedOnToolsVersion</key>
						<string>6.3.1</string>
						<key>TestTargetID</key>
						<string>901E20E31B1CEE3A0030727F</string>
					</dict>
				</dict>
			</dict>
			<key>buildConfigurationList</key>
			<string>901E20DF1B1CEE3A0030727F</string>
			<key>compatibilityVersion</key>
			<string>Xcode 3.2</string>
			<key>developmentRegion</key>
			<string>English</string>
			<key>hasScannedForEncodings</key>
			<string>0</string>
			<key>isa</key>
			<string>PBXProject</string>
			<key>knownRegions</key>
			<array>
				<string>en</string>
				<string>Base</string>
			</array>
			<key>mainGroup</key>
			<string>901E20DB1B1CEE3A0030727F</string>
			<key>productRefGroup</key>
			<string>901E20E51B1CEE3A0030727F</string>
			<key>projectDirPath</key>
			<string></string>
			<key>projectReferences</key>
			<array/>
			<key>projectRoot</key>
			<string></string>
			<key>targets</key>
			<array>
				<string>901E20E31B1CEE3A0030727F</string>
				<string>901E20FC1B1CEE3A0030727F</string>
			</array>
		</dict>
		<key>901E20DF1B1CEE3A0030727F</key>
		<dict>
			<key>buildConfigurations</key>
			<array>
				<string>901E21051B1CEE3A0030727F</string>
				<string>901E21061B1CEE3A0030727F</string>
			</array>
			<key>defaultConfigurationIsVisible</key>
			<string>0</string>
			<key>defaultConfigurationName</key>
			<string>Release</string>
			<key>isa</key>
			<string>XCConfigurationList</string>
		</dict>
		<key>901E20E01B1CEE3A0030727F</key>
		<dict>
			<key>buildActionMask</key>
			<string>2147483647</string>
			<key>files</key>
			<array>
				<string>90DEA8661B1E1D94001DA15E</string>
				<string>901E20F01B1CEE3A0030727F</string>
				<string>901E20ED1B1CEE3A0030727F</string>
				<string>90DB44751B1CFFEE00D32CF1</string>
				<string>907E8C0D1B1F487D00C05EB9</string>
				<string>907E8C0A1B1F473100C05EB9</string>
				<string>907E8C071B1F443500C05EB9</string>
				<string>907E8C181B206EC500C05EB9</string>
				<string>907E8C141B1F634A00C05EB9</string>
				<string>907E8C041B1F425B00C05EB9</string>
				<string>90DB447A1B1D08C500D32CF1</string>
				<string>90DEA86E1B1E5AE1001DA15E</string>
				<string>901E20EA1B1CEE3A0030727F</string>
				<string>90DEA8631B1E1B1D001DA15E</string>
				<string>90DEA86A1B1E1F3C001DA15E</string>
				<string>907E8C101B1F49F500C05EB9</string>
			</array>
			<key>isa</key>
			<string>PBXSourcesBuildPhase</string>
			<key>runOnlyForDeploymentPostprocessing</key>
			<string>0</string>
		</dict>
		<key>901E20E11B1CEE3A0030727F</key>
		<dict>
			<key>buildActionMask</key>
			<string>2147483647</string>
			<key>files</key>
			<array>
				<string>268C26509B45438FAC3C95CC</string>
			</array>
			<key>isa</key>
			<string>PBXFrameworksBuildPhase</string>
			<key>runOnlyForDeploymentPostprocessing</key>
			<string>0</string>
		</dict>
		<key>901E20E21B1CEE3A0030727F</key>
		<dict>
			<key>buildActionMask</key>
			<string>2147483647</string>
			<key>files</key>
			<array>
				<string>901E20F31B1CEE3A0030727F</string>
				<string>901E20F81B1CEE3A0030727F</string>
				<string>901E20F51B1CEE3A0030727F</string>
			</array>
			<key>isa</key>
			<string>PBXResourcesBuildPhase</string>
			<key>runOnlyForDeploymentPostprocessing</key>
			<string>0</string>
		</dict>
		<key>901E20E31B1CEE3A0030727F</key>
		<dict>
			<key>buildConfigurationList</key>
			<string>901E21071B1CEE3A0030727F</string>
			<key>buildPhases</key>
			<array>
				<string>BA277AC61A35C014C08C7D38</string>
				<string>901E20E01B1CEE3A0030727F</string>
				<string>901E20E11B1CEE3A0030727F</string>
				<string>901E20E21B1CEE3A0030727F</string>
				<string>B5C1C1E85570BD322DDE42F1</string>
			</array>
			<key>buildRules</key>
			<array/>
			<key>dependencies</key>
			<array/>
			<key>isa</key>
			<string>PBXNativeTarget</string>
			<key>name</key>
			<string>JukeboxObjc</string>
			<key>productName</key>
			<string>JukeboxObjc</string>
			<key>productReference</key>
			<string>901E20E41B1CEE3A0030727F</string>
			<key>productType</key>
			<string>com.apple.product-type.application</string>
		</dict>
		<key>901E20E41B1CEE3A0030727F</key>
		<dict>
			<key>explicitFileType</key>
			<string>wrapper.application</string>
			<key>includeInIndex</key>
			<string>0</string>
			<key>isa</key>
			<string>PBXFileReference</string>
			<key>path</key>
			<string>JukeboxObjc.app</string>
			<key>sourceTree</key>
			<string>BUILT_PRODUCTS_DIR</string>
		</dict>
		<key>901E20E51B1CEE3A0030727F</key>
		<dict>
			<key>children</key>
			<array>
				<string>901E20E41B1CEE3A0030727F</string>
				<string>901E20FD1B1CEE3A0030727F</string>
			</array>
			<key>isa</key>
			<string>PBXGroup</string>
			<key>name</key>
			<string>Products</string>
			<key>sourceTree</key>
			<string>&lt;group&gt;</string>
		</dict>
		<key>901E20E61B1CEE3A0030727F</key>
		<dict>
			<key>children</key>
			<array>
				<string>90DB44701B1CF99F00D32CF1</string>
				<string>90DB44711B1CF9AC00D32CF1</string>
				<string>901E20E71B1CEE3A0030727F</string>
			</array>
			<key>isa</key>
			<string>PBXGroup</string>
			<key>path</key>
			<string>JukeboxObjc</string>
			<key>sourceTree</key>
			<string>&lt;group&gt;</string>
		</dict>
		<key>901E20E71B1CEE3A0030727F</key>
		<dict>
			<key>children</key>
			<array>
				<string>901E20E81B1CEE3A0030727F</string>
				<string>901E20E91B1CEE3A0030727F</string>
			</array>
			<key>isa</key>
			<string>PBXGroup</string>
			<key>name</key>
			<string>Supporting Files</string>
			<key>path</key>
			<string>Supporting Files</string>
			<key>sourceTree</key>
			<string>&lt;group&gt;</string>
		</dict>
		<key>901E20E81B1CEE3A0030727F</key>
		<dict>
			<key>isa</key>
			<string>PBXFileReference</string>
			<key>lastKnownFileType</key>
			<string>text.plist.xml</string>
			<key>path</key>
			<string>Info.plist</string>
			<key>sourceTree</key>
			<string>&lt;group&gt;</string>
		</dict>
		<key>901E20E91B1CEE3A0030727F</key>
		<dict>
			<key>isa</key>
			<string>PBXFileReference</string>
			<key>lastKnownFileType</key>
			<string>sourcecode.c.objc</string>
			<key>path</key>
			<string>main.m</string>
			<key>sourceTree</key>
			<string>&lt;group&gt;</string>
		</dict>
		<key>901E20EA1B1CEE3A0030727F</key>
		<dict>
			<key>fileRef</key>
			<string>901E20E91B1CEE3A0030727F</string>
			<key>isa</key>
			<string>PBXBuildFile</string>
		</dict>
		<key>901E20EB1B1CEE3A0030727F</key>
		<dict>
			<key>isa</key>
			<string>PBXFileReference</string>
			<key>lastKnownFileType</key>
			<string>sourcecode.c.h</string>
			<key>path</key>
			<string>AppDelegate.h</string>
			<key>sourceTree</key>
			<string>&lt;group&gt;</string>
		</dict>
		<key>901E20EC1B1CEE3A0030727F</key>
		<dict>
			<key>isa</key>
			<string>PBXFileReference</string>
			<key>lastKnownFileType</key>
			<string>sourcecode.c.objc</string>
			<key>path</key>
			<string>AppDelegate.m</string>
			<key>sourceTree</key>
			<string>&lt;group&gt;</string>
		</dict>
		<key>901E20ED1B1CEE3A0030727F</key>
		<dict>
			<key>fileRef</key>
			<string>901E20EC1B1CEE3A0030727F</string>
			<key>isa</key>
			<string>PBXBuildFile</string>
		</dict>
		<key>901E20EE1B1CEE3A0030727F</key>
		<dict>
			<key>isa</key>
			<string>PBXFileReference</string>
			<key>lastKnownFileType</key>
			<string>sourcecode.c.h</string>
			<key>path</key>
			<string>CollectionViewController.h</string>
			<key>sourceTree</key>
			<string>&lt;group&gt;</string>
		</dict>
		<key>901E20EF1B1CEE3A0030727F</key>
		<dict>
			<key>isa</key>
			<string>PBXFileReference</string>
			<key>lastKnownFileType</key>
			<string>sourcecode.c.objc</string>
			<key>path</key>
			<string>CollectionViewController.m</string>
			<key>sourceTree</key>
			<string>&lt;group&gt;</string>
		</dict>
		<key>901E20F01B1CEE3A0030727F</key>
		<dict>
			<key>fileRef</key>
			<string>901E20EF1B1CEE3A0030727F</string>
			<key>isa</key>
			<string>PBXBuildFile</string>
		</dict>
		<key>901E20F11B1CEE3A0030727F</key>
		<dict>
			<key>children</key>
			<array>
				<string>901E20F21B1CEE3A0030727F</string>
			</array>
			<key>isa</key>
			<string>PBXVariantGroup</string>
			<key>name</key>
			<string>Main.storyboard</string>
			<key>path</key>
			<string>.</string>
			<key>sourceTree</key>
			<string>&lt;group&gt;</string>
		</dict>
		<key>901E20F21B1CEE3A0030727F</key>
		<dict>
			<key>isa</key>
			<string>PBXFileReference</string>
			<key>lastKnownFileType</key>
			<string>file.storyboard</string>
			<key>name</key>
			<string>Base</string>
			<key>path</key>
			<string>Base.lproj/Main.storyboard</string>
			<key>sourceTree</key>
			<string>&lt;group&gt;</string>
		</dict>
		<key>901E20F31B1CEE3A0030727F</key>
		<dict>
			<key>fileRef</key>
			<string>901E20F11B1CEE3A0030727F</string>
			<key>isa</key>
			<string>PBXBuildFile</string>
		</dict>
		<key>901E20F41B1CEE3A0030727F</key>
		<dict>
			<key>isa</key>
			<string>PBXFileReference</string>
			<key>lastKnownFileType</key>
			<string>folder.assetcatalog</string>
			<key>path</key>
			<string>Images.xcassets</string>
			<key>sourceTree</key>
			<string>&lt;group&gt;</string>
		</dict>
		<key>901E20F51B1CEE3A0030727F</key>
		<dict>
			<key>fileRef</key>
			<string>901E20F41B1CEE3A0030727F</string>
			<key>isa</key>
			<string>PBXBuildFile</string>
		</dict>
		<key>901E20F61B1CEE3A0030727F</key>
		<dict>
			<key>children</key>
			<array>
				<string>901E20F71B1CEE3A0030727F</string>
			</array>
			<key>isa</key>
			<string>PBXVariantGroup</string>
			<key>name</key>
			<string>LaunchScreen.xib</string>
			<key>path</key>
			<string>.</string>
			<key>sourceTree</key>
			<string>&lt;group&gt;</string>
		</dict>
		<key>901E20F71B1CEE3A0030727F</key>
		<dict>
			<key>isa</key>
			<string>PBXFileReference</string>
			<key>lastKnownFileType</key>
			<string>file.xib</string>
			<key>name</key>
			<string>Base</string>
			<key>path</key>
			<string>Base.lproj/LaunchScreen.xib</string>
			<key>sourceTree</key>
			<string>&lt;group&gt;</string>
		</dict>
		<key>901E20F81B1CEE3A0030727F</key>
		<dict>
			<key>fileRef</key>
			<string>901E20F61B1CEE3A0030727F</string>
			<key>isa</key>
			<string>PBXBuildFile</string>
		</dict>
		<key>901E20F91B1CEE3A0030727F</key>
		<dict>
			<key>buildActionMask</key>
			<string>2147483647</string>
			<key>files</key>
			<array>
				<string>901E21041B1CEE3A0030727F</string>
			</array>
			<key>isa</key>
			<string>PBXSourcesBuildPhase</string>
			<key>runOnlyForDeploymentPostprocessing</key>
			<string>0</string>
		</dict>
		<key>901E20FA1B1CEE3A0030727F</key>
		<dict>
			<key>buildActionMask</key>
			<string>2147483647</string>
			<key>files</key>
			<array/>
			<key>isa</key>
			<string>PBXFrameworksBuildPhase</string>
			<key>runOnlyForDeploymentPostprocessing</key>
			<string>0</string>
		</dict>
		<key>901E20FB1B1CEE3A0030727F</key>
		<dict>
			<key>buildActionMask</key>
			<string>2147483647</string>
			<key>files</key>
			<array/>
			<key>isa</key>
			<string>PBXResourcesBuildPhase</string>
			<key>runOnlyForDeploymentPostprocessing</key>
			<string>0</string>
		</dict>
		<key>901E20FC1B1CEE3A0030727F</key>
		<dict>
			<key>buildConfigurationList</key>
			<string>901E210A1B1CEE3A0030727F</string>
			<key>buildPhases</key>
			<array>
				<string>901E20F91B1CEE3A0030727F</string>
				<string>901E20FA1B1CEE3A0030727F</string>
				<string>901E20FB1B1CEE3A0030727F</string>
			</array>
			<key>buildRules</key>
			<array/>
			<key>dependencies</key>
			<array>
				<string>901E20FF1B1CEE3A0030727F</string>
			</array>
			<key>isa</key>
			<string>PBXNativeTarget</string>
			<key>name</key>
			<string>JukeboxObjcTests</string>
			<key>productName</key>
			<string>JukeboxObjcTests</string>
			<key>productReference</key>
			<string>901E20FD1B1CEE3A0030727F</string>
			<key>productType</key>
			<string>com.apple.product-type.bundle.unit-test</string>
		</dict>
		<key>901E20FD1B1CEE3A0030727F</key>
		<dict>
			<key>explicitFileType</key>
			<string>wrapper.cfbundle</string>
			<key>includeInIndex</key>
			<string>0</string>
			<key>isa</key>
			<string>PBXFileReference</string>
			<key>path</key>
			<string>JukeboxObjcTests.xctest</string>
			<key>sourceTree</key>
			<string>BUILT_PRODUCTS_DIR</string>
		</dict>
		<key>901E20FE1B1CEE3A0030727F</key>
		<dict>
			<key>containerPortal</key>
			<string>901E20DC1B1CEE3A0030727F</string>
			<key>isa</key>
			<string>PBXContainerItemProxy</string>
			<key>proxyType</key>
			<string>1</string>
			<key>remoteGlobalIDString</key>
			<string>901E20E31B1CEE3A0030727F</string>
			<key>remoteInfo</key>
			<string>JukeboxObjc</string>
		</dict>
		<key>901E20FF1B1CEE3A0030727F</key>
		<dict>
			<key>isa</key>
			<string>PBXTargetDependency</string>
			<key>target</key>
			<string>901E20E31B1CEE3A0030727F</string>
			<key>targetProxy</key>
			<string>901E20FE1B1CEE3A0030727F</string>
		</dict>
		<key>901E21001B1CEE3A0030727F</key>
		<dict>
			<key>children</key>
			<array>
				<string>901E21031B1CEE3A0030727F</string>
				<string>901E21011B1CEE3A0030727F</string>
			</array>
			<key>isa</key>
			<string>PBXGroup</string>
			<key>path</key>
			<string>JukeboxObjcTests</string>
			<key>sourceTree</key>
			<string>&lt;group&gt;</string>
		</dict>
		<key>901E21011B1CEE3A0030727F</key>
		<dict>
			<key>children</key>
			<array>
				<string>901E21021B1CEE3A0030727F</string>
			</array>
			<key>isa</key>
			<string>PBXGroup</string>
			<key>name</key>
			<string>Supporting Files</string>
			<key>path</key>
			<string>Supporting Files</string>
			<key>sourceTree</key>
			<string>&lt;group&gt;</string>
		</dict>
		<key>901E21021B1CEE3A0030727F</key>
		<dict>
			<key>isa</key>
			<string>PBXFileReference</string>
			<key>lastKnownFileType</key>
			<string>text.plist.xml</string>
			<key>path</key>
			<string>Info.plist</string>
			<key>sourceTree</key>
			<string>&lt;group&gt;</string>
		</dict>
		<key>901E21031B1CEE3A0030727F</key>
		<dict>
			<key>isa</key>
			<string>PBXFileReference</string>
			<key>lastKnownFileType</key>
			<string>sourcecode.c.objc</string>
			<key>path</key>
			<string>JukeboxObjcTests.m</string>
			<key>sourceTree</key>
			<string>&lt;group&gt;</string>
		</dict>
		<key>901E21041B1CEE3A0030727F</key>
		<dict>
			<key>fileRef</key>
			<string>901E21031B1CEE3A0030727F</string>
			<key>isa</key>
			<string>PBXBuildFile</string>
		</dict>
		<key>901E21051B1CEE3A0030727F</key>
		<dict>
			<key>buildSettings</key>
			<dict>
				<key>ALWAYS_SEARCH_USER_PATHS</key>
				<string>NO</string>
				<key>CLANG_CXX_LANGUAGE_STANDARD</key>
				<string>gnu++0x</string>
				<key>CLANG_CXX_LIBRARY</key>
				<string>libc++</string>
				<key>CLANG_ENABLE_MODULES</key>
				<string>YES</string>
				<key>CLANG_ENABLE_OBJC_ARC</key>
				<string>YES</string>
				<key>CLANG_WARN_BOOL_CONVERSION</key>
				<string>YES</string>
				<key>CLANG_WARN_CONSTANT_CONVERSION</key>
				<string>YES</string>
				<key>CLANG_WARN_DIRECT_OBJC_ISA_USAGE</key>
				<string>YES_ERROR</string>
				<key>CLANG_WARN_EMPTY_BODY</key>
				<string>YES</string>
				<key>CLANG_WARN_ENUM_CONVERSION</key>
				<string>YES</string>
				<key>CLANG_WARN_INT_CONVERSION</key>
				<string>YES</string>
				<key>CLANG_WARN_OBJC_ROOT_CLASS</key>
				<string>YES_ERROR</string>
				<key>CLANG_WARN_UNREACHABLE_CODE</key>
				<string>YES</string>
				<key>CLANG_WARN__DUPLICATE_METHOD_MATCH</key>
				<string>YES</string>
				<key>CODE_SIGN_IDENTITY[sdk=iphoneos*]</key>
				<string>iPhone Developer</string>
				<key>COPY_PHASE_STRIP</key>
				<string>NO</string>
				<key>DEBUG_INFORMATION_FORMAT</key>
				<string>dwarf-with-dsym</string>
				<key>ENABLE_STRICT_OBJC_MSGSEND</key>
				<string>YES</string>
				<key>GCC_C_LANGUAGE_STANDARD</key>
				<string>gnu99</string>
				<key>GCC_DYNAMIC_NO_PIC</key>
				<string>NO</string>
				<key>GCC_NO_COMMON_BLOCKS</key>
				<string>YES</string>
				<key>GCC_OPTIMIZATION_LEVEL</key>
				<string>0</string>
				<key>GCC_PREPROCESSOR_DEFINITIONS</key>
				<array>
					<string>DEBUG=1</string>
					<string>$(inherited)</string>
				</array>
				<key>GCC_SYMBOLS_PRIVATE_EXTERN</key>
				<string>NO</string>
				<key>GCC_WARN_64_TO_32_BIT_CONVERSION</key>
				<string>YES</string>
				<key>GCC_WARN_ABOUT_RETURN_TYPE</key>
				<string>YES_ERROR</string>
				<key>GCC_WARN_UNDECLARED_SELECTOR</key>
				<string>YES</string>
				<key>GCC_WARN_UNINITIALIZED_AUTOS</key>
				<string>YES_AGGRESSIVE</string>
				<key>GCC_WARN_UNUSED_FUNCTION</key>
				<string>YES</string>
				<key>GCC_WARN_UNUSED_VARIABLE</key>
				<string>YES</string>
				<key>IPHONEOS_DEPLOYMENT_TARGET</key>
				<string>8.3</string>
				<key>MTL_ENABLE_DEBUG_INFO</key>
				<string>YES</string>
				<key>ONLY_ACTIVE_ARCH</key>
				<string>YES</string>
				<key>SDKROOT</key>
				<string>iphoneos</string>
			</dict>
			<key>isa</key>
			<string>XCBuildConfiguration</string>
			<key>name</key>
			<string>Debug</string>
		</dict>
		<key>901E21061B1CEE3A0030727F</key>
		<dict>
			<key>buildSettings</key>
			<dict>
				<key>ALWAYS_SEARCH_USER_PATHS</key>
				<string>NO</string>
				<key>CLANG_CXX_LANGUAGE_STANDARD</key>
				<string>gnu++0x</string>
				<key>CLANG_CXX_LIBRARY</key>
				<string>libc++</string>
				<key>CLANG_ENABLE_MODULES</key>
				<string>YES</string>
				<key>CLANG_ENABLE_OBJC_ARC</key>
				<string>YES</string>
				<key>CLANG_WARN_BOOL_CONVERSION</key>
				<string>YES</string>
				<key>CLANG_WARN_CONSTANT_CONVERSION</key>
				<string>YES</string>
				<key>CLANG_WARN_DIRECT_OBJC_ISA_USAGE</key>
				<string>YES_ERROR</string>
				<key>CLANG_WARN_EMPTY_BODY</key>
				<string>YES</string>
				<key>CLANG_WARN_ENUM_CONVERSION</key>
				<string>YES</string>
				<key>CLANG_WARN_INT_CONVERSION</key>
				<string>YES</string>
				<key>CLANG_WARN_OBJC_ROOT_CLASS</key>
				<string>YES_ERROR</string>
				<key>CLANG_WARN_UNREACHABLE_CODE</key>
				<string>YES</string>
				<key>CLANG_WARN__DUPLICATE_METHOD_MATCH</key>
				<string>YES</string>
				<key>CODE_SIGN_IDENTITY[sdk=iphoneos*]</key>
				<string>iPhone Developer</string>
				<key>COPY_PHASE_STRIP</key>
				<string>NO</string>
				<key>DEBUG_INFORMATION_FORMAT</key>
				<string>dwarf-with-dsym</string>
				<key>ENABLE_NS_ASSERTIONS</key>
				<string>NO</string>
				<key>ENABLE_STRICT_OBJC_MSGSEND</key>
				<string>YES</string>
				<key>GCC_C_LANGUAGE_STANDARD</key>
				<string>gnu99</string>
				<key>GCC_NO_COMMON_BLOCKS</key>
				<string>YES</string>
				<key>GCC_WARN_64_TO_32_BIT_CONVERSION</key>
				<string>YES</string>
				<key>GCC_WARN_ABOUT_RETURN_TYPE</key>
				<string>YES_ERROR</string>
				<key>GCC_WARN_UNDECLARED_SELECTOR</key>
				<string>YES</string>
				<key>GCC_WARN_UNINITIALIZED_AUTOS</key>
				<string>YES_AGGRESSIVE</string>
				<key>GCC_WARN_UNUSED_FUNCTION</key>
				<string>YES</string>
				<key>GCC_WARN_UNUSED_VARIABLE</key>
				<string>YES</string>
				<key>IPHONEOS_DEPLOYMENT_TARGET</key>
				<string>8.3</string>
				<key>MTL_ENABLE_DEBUG_INFO</key>
				<string>NO</string>
				<key>SDKROOT</key>
				<string>iphoneos</string>
				<key>VALIDATE_PRODUCT</key>
				<string>YES</string>
			</dict>
			<key>isa</key>
			<string>XCBuildConfiguration</string>
			<key>name</key>
			<string>Release</string>
		</dict>
		<key>901E21071B1CEE3A0030727F</key>
		<dict>
			<key>buildConfigurations</key>
			<array>
				<string>901E21081B1CEE3A0030727F</string>
				<string>901E21091B1CEE3A0030727F</string>
			</array>
			<key>defaultConfigurationIsVisible</key>
			<string>0</string>
			<key>defaultConfigurationName</key>
			<string>Release</string>
			<key>isa</key>
			<string>XCConfigurationList</string>
		</dict>
		<key>901E21081B1CEE3A0030727F</key>
		<dict>
			<key>baseConfigurationReference</key>
			<string>ED16ABD0BB65FC5886FA776C</string>
			<key>buildSettings</key>
			<dict>
				<key>ASSETCATALOG_COMPILER_APPICON_NAME</key>
				<string>AppIcon</string>
				<key>INFOPLIST_FILE</key>
				<string>JukeboxObjc/Supporting Files/Info.plist</string>
				<key>LD_RUNPATH_SEARCH_PATHS</key>
				<string>$(inherited) @executable_path/Frameworks</string>
				<key>PRODUCT_NAME</key>
				<string>$(TARGET_NAME)</string>
			</dict>
			<key>isa</key>
			<string>XCBuildConfiguration</string>
			<key>name</key>
			<string>Debug</string>
		</dict>
		<key>901E21091B1CEE3A0030727F</key>
		<dict>
			<key>baseConfigurationReference</key>
			<string>BC2AD2E4AB66E107BC32EBEB</string>
			<key>buildSettings</key>
			<dict>
				<key>ASSETCATALOG_COMPILER_APPICON_NAME</key>
				<string>AppIcon</string>
				<key>INFOPLIST_FILE</key>
				<string>JukeboxObjc/Supporting Files/Info.plist</string>
				<key>LD_RUNPATH_SEARCH_PATHS</key>
				<string>$(inherited) @executable_path/Frameworks</string>
				<key>PRODUCT_NAME</key>
				<string>$(TARGET_NAME)</string>
			</dict>
			<key>isa</key>
			<string>XCBuildConfiguration</string>
			<key>name</key>
			<string>Release</string>
		</dict>
		<key>901E210A1B1CEE3A0030727F</key>
		<dict>
			<key>buildConfigurations</key>
			<array>
				<string>901E210B1B1CEE3A0030727F</string>
				<string>901E210C1B1CEE3A0030727F</string>
			</array>
			<key>defaultConfigurationIsVisible</key>
			<string>0</string>
			<key>defaultConfigurationName</key>
			<string>Release</string>
			<key>isa</key>
			<string>XCConfigurationList</string>
		</dict>
		<key>901E210B1B1CEE3A0030727F</key>
		<dict>
			<key>buildSettings</key>
			<dict>
				<key>BUNDLE_LOADER</key>
				<string>$(TEST_HOST)</string>
				<key>FRAMEWORK_SEARCH_PATHS</key>
				<array>
					<string>$(SDKROOT)/Developer/Library/Frameworks</string>
					<string>$(inherited)</string>
				</array>
				<key>GCC_PREPROCESSOR_DEFINITIONS</key>
				<array>
					<string>DEBUG=1</string>
					<string>$(inherited)</string>
				</array>
				<key>INFOPLIST_FILE</key>
				<string>JukeboxObjcTests/Supporting Files/Info.plist</string>
				<key>LD_RUNPATH_SEARCH_PATHS</key>
				<string>$(inherited) @executable_path/Frameworks @loader_path/Frameworks</string>
				<key>PRODUCT_NAME</key>
				<string>$(TARGET_NAME)</string>
				<key>TEST_HOST</key>
				<string>$(BUILT_PRODUCTS_DIR)/JukeboxObjc.app/JukeboxObjc</string>
			</dict>
			<key>isa</key>
			<string>XCBuildConfiguration</string>
			<key>name</key>
			<string>Debug</string>
		</dict>
		<key>901E210C1B1CEE3A0030727F</key>
		<dict>
			<key>buildSettings</key>
			<dict>
				<key>BUNDLE_LOADER</key>
				<string>$(TEST_HOST)</string>
				<key>FRAMEWORK_SEARCH_PATHS</key>
				<array>
					<string>$(SDKROOT)/Developer/Library/Frameworks</string>
					<string>$(inherited)</string>
				</array>
				<key>INFOPLIST_FILE</key>
				<string>JukeboxObjcTests/Supporting Files/Info.plist</string>
				<key>LD_RUNPATH_SEARCH_PATHS</key>
				<string>$(inherited) @executable_path/Frameworks @loader_path/Frameworks</string>
				<key>PRODUCT_NAME</key>
				<string>$(TARGET_NAME)</string>
				<key>TEST_HOST</key>
				<string>$(BUILT_PRODUCTS_DIR)/JukeboxObjc.app/JukeboxObjc</string>
			</dict>
			<key>isa</key>
			<string>XCBuildConfiguration</string>
			<key>name</key>
			<string>Release</string>
		</dict>
		<key>907E8C021B1F425B00C05EB9</key>
		<dict>
			<key>fileEncoding</key>
			<string>4</string>
			<key>isa</key>
			<string>PBXFileReference</string>
			<key>lastKnownFileType</key>
			<string>sourcecode.c.h</string>
			<key>path</key>
			<string>Artist.h</string>
			<key>sourceTree</key>
			<string>&lt;group&gt;</string>
		</dict>
		<key>907E8C031B1F425B00C05EB9</key>
		<dict>
			<key>fileEncoding</key>
			<string>4</string>
			<key>isa</key>
			<string>PBXFileReference</string>
			<key>lastKnownFileType</key>
			<string>sourcecode.c.objc</string>
			<key>path</key>
			<string>Artist.m</string>
			<key>sourceTree</key>
			<string>&lt;group&gt;</string>
		</dict>
		<key>907E8C041B1F425B00C05EB9</key>
		<dict>
			<key>fileRef</key>
			<string>907E8C031B1F425B00C05EB9</string>
			<key>isa</key>
			<string>PBXBuildFile</string>
		</dict>
		<key>907E8C051B1F443500C05EB9</key>
		<dict>
			<key>fileEncoding</key>
			<string>4</string>
			<key>isa</key>
			<string>PBXFileReference</string>
			<key>lastKnownFileType</key>
			<string>sourcecode.c.h</string>
			<key>path</key>
			<string>AlbumParser.h</string>
			<key>sourceTree</key>
			<string>&lt;group&gt;</string>
		</dict>
		<key>907E8C061B1F443500C05EB9</key>
		<dict>
			<key>fileEncoding</key>
			<string>4</string>
			<key>isa</key>
			<string>PBXFileReference</string>
			<key>lastKnownFileType</key>
			<string>sourcecode.c.objc</string>
			<key>path</key>
			<string>AlbumParser.m</string>
			<key>sourceTree</key>
			<string>&lt;group&gt;</string>
		</dict>
		<key>907E8C071B1F443500C05EB9</key>
		<dict>
			<key>fileRef</key>
			<string>907E8C061B1F443500C05EB9</string>
			<key>isa</key>
			<string>PBXBuildFile</string>
		</dict>
		<key>907E8C081B1F473100C05EB9</key>
		<dict>
			<key>fileEncoding</key>
			<string>4</string>
			<key>isa</key>
			<string>PBXFileReference</string>
			<key>lastKnownFileType</key>
			<string>sourcecode.c.h</string>
			<key>path</key>
			<string>NSDate+iTunes.h</string>
			<key>sourceTree</key>
			<string>&lt;group&gt;</string>
		</dict>
		<key>907E8C091B1F473100C05EB9</key>
		<dict>
			<key>fileEncoding</key>
			<string>4</string>
			<key>isa</key>
			<string>PBXFileReference</string>
			<key>lastKnownFileType</key>
			<string>sourcecode.c.objc</string>
			<key>path</key>
			<string>NSDate+iTunes.m</string>
			<key>sourceTree</key>
			<string>&lt;group&gt;</string>
		</dict>
		<key>907E8C0A1B1F473100C05EB9</key>
		<dict>
			<key>fileRef</key>
			<string>907E8C091B1F473100C05EB9</string>
			<key>isa</key>
			<string>PBXBuildFile</string>
		</dict>
		<key>907E8C0B1B1F487D00C05EB9</key>
		<dict>
			<key>fileEncoding</key>
			<string>4</string>
			<key>isa</key>
			<string>PBXFileReference</string>
			<key>lastKnownFileType</key>
			<string>sourcecode.c.h</string>
			<key>path</key>
			<string>ArtistParser.h</string>
			<key>sourceTree</key>
			<string>&lt;group&gt;</string>
		</dict>
		<key>907E8C0C1B1F487D00C05EB9</key>
		<dict>
			<key>fileEncoding</key>
			<string>4</string>
			<key>isa</key>
			<string>PBXFileReference</string>
			<key>lastKnownFileType</key>
			<string>sourcecode.c.objc</string>
			<key>path</key>
			<string>ArtistParser.m</string>
			<key>sourceTree</key>
			<string>&lt;group&gt;</string>
		</dict>
		<key>907E8C0D1B1F487D00C05EB9</key>
		<dict>
			<key>fileRef</key>
			<string>907E8C0C1B1F487D00C05EB9</string>
			<key>isa</key>
			<string>PBXBuildFile</string>
		</dict>
		<key>907E8C0E1B1F49F500C05EB9</key>
		<dict>
			<key>fileEncoding</key>
			<string>4</string>
			<key>isa</key>
			<string>PBXFileReference</string>
			<key>lastKnownFileType</key>
			<string>sourcecode.c.h</string>
			<key>path</key>
			<string>AlbumCollection.h</string>
			<key>sourceTree</key>
			<string>&lt;group&gt;</string>
		</dict>
		<key>907E8C0F1B1F49F500C05EB9</key>
		<dict>
			<key>fileEncoding</key>
			<string>4</string>
			<key>isa</key>
			<string>PBXFileReference</string>
			<key>lastKnownFileType</key>
			<string>sourcecode.c.objc</string>
			<key>path</key>
			<string>AlbumCollection.m</string>
			<key>sourceTree</key>
			<string>&lt;group&gt;</string>
		</dict>
		<key>907E8C101B1F49F500C05EB9</key>
		<dict>
			<key>fileRef</key>
			<string>907E8C0F1B1F49F500C05EB9</string>
			<key>isa</key>
			<string>PBXBuildFile</string>
		</dict>
		<key>907E8C111B1F49F800C05EB9</key>
		<dict>
			<key>children</key>
			<array>
				<string>907E8C0E1B1F49F500C05EB9</string>
				<string>907E8C0F1B1F49F500C05EB9</string>
			</array>
			<key>isa</key>
			<string>PBXGroup</string>
			<key>name</key>
			<string>Collections</string>
			<key>path</key>
			<string>Collections</string>
			<key>sourceTree</key>
			<string>&lt;group&gt;</string>
		</dict>
		<key>907E8C121B1F634A00C05EB9</key>
		<dict>
			<key>fileEncoding</key>
			<string>4</string>
			<key>isa</key>
			<string>PBXFileReference</string>
			<key>lastKnownFileType</key>
			<string>sourcecode.c.h</string>
			<key>path</key>
			<string>AlbumCollectionManager.h</string>
			<key>sourceTree</key>
			<string>&lt;group&gt;</string>
		</dict>
		<key>907E8C131B1F634A00C05EB9</key>
		<dict>
			<key>fileEncoding</key>
			<string>4</string>
			<key>isa</key>
			<string>PBXFileReference</string>
			<key>lastKnownFileType</key>
			<string>sourcecode.c.objc</string>
			<key>path</key>
			<string>AlbumCollectionManager.m</string>
			<key>sourceTree</key>
			<string>&lt;group&gt;</string>
		</dict>
		<key>907E8C141B1F634A00C05EB9</key>
		<dict>
			<key>fileRef</key>
			<string>907E8C131B1F634A00C05EB9</string>
			<key>isa</key>
			<string>PBXBuildFile</string>
		</dict>
		<key>907E8C151B1F638400C05EB9</key>
		<dict>
			<key>children</key>
			<array>
				<string>907E8C121B1F634A00C05EB9</string>
				<string>907E8C131B1F634A00C05EB9</string>
			</array>
			<key>isa</key>
			<string>PBXGroup</string>
			<key>name</key>
			<string>Managers</string>
			<key>path</key>
			<string>Managers</string>
			<key>sourceTree</key>
			<string>&lt;group&gt;</string>
		</dict>
		<key>907E8C161B206EC500C05EB9</key>
		<dict>
			<key>fileEncoding</key>
			<string>4</string>
			<key>isa</key>
			<string>PBXFileReference</string>
			<key>lastKnownFileType</key>
			<string>sourcecode.c.h</string>
			<key>path</key>
			<string>ArtistViewController.h</string>
			<key>sourceTree</key>
			<string>&lt;group&gt;</string>
		</dict>
		<key>907E8C171B206EC500C05EB9</key>
		<dict>
			<key>fileEncoding</key>
			<string>4</string>
			<key>isa</key>
			<string>PBXFileReference</string>
			<key>lastKnownFileType</key>
			<string>sourcecode.c.objc</string>
			<key>path</key>
			<string>ArtistViewController.m</string>
			<key>sourceTree</key>
			<string>&lt;group&gt;</string>
		</dict>
		<key>907E8C181B206EC500C05EB9</key>
		<dict>
			<key>fileRef</key>
			<string>907E8C171B206EC500C05EB9</string>
			<key>isa</key>
			<string>PBXBuildFile</string>
		</dict>
		<key>90DB44701B1CF99F00D32CF1</key>
		<dict>
			<key>children</key>
			<array>
				<string>90DEA8671B1E1DEC001DA15E</string>
				<string>907E8C111B1F49F800C05EB9</string>
				<string>90DB44771B1D056500D32CF1</string>
				<string>90DEA86B1B1E221A001DA15E</string>
				<string>901E20EB1B1CEE3A0030727F</string>
				<string>901E20EC1B1CEE3A0030727F</string>
				<string>90DB44721B1CF9BA00D32CF1</string>
				<string>90DB44761B1D03D700D32CF1</string>
			</array>
			<key>isa</key>
			<string>PBXGroup</string>
			<key>name</key>
			<string>Source</string>
			<key>path</key>
			<string>Source</string>
			<key>sourceTree</key>
			<string>&lt;group&gt;</string>
		</dict>
		<key>90DB44711B1CF9AC00D32CF1</key>
		<dict>
			<key>children</key>
			<array>
				<string>901E20F11B1CEE3A0030727F</string>
				<string>901E20F41B1CEE3A0030727F</string>
				<string>901E20F61B1CEE3A0030727F</string>
			</array>
			<key>isa</key>
			<string>PBXGroup</string>
			<key>name</key>
			<string>Resources</string>
			<key>path</key>
			<string>Resources</string>
			<key>sourceTree</key>
			<string>&lt;group&gt;</string>
		</dict>
		<key>90DB44721B1CF9BA00D32CF1</key>
		<dict>
			<key>children</key>
			<array>
				<string>901E20EE1B1CEE3A0030727F</string>
				<string>901E20EF1B1CEE3A0030727F</string>
				<string>907E8C161B206EC500C05EB9</string>
				<string>907E8C171B206EC500C05EB9</string>
			</array>
			<key>isa</key>
			<string>PBXGroup</string>
			<key>name</key>
			<string>ViewControllers</string>
			<key>path</key>
			<string>ViewControllers</string>
			<key>sourceTree</key>
			<string>&lt;group&gt;</string>
		</dict>
		<key>90DB44731B1CFFEE00D32CF1</key>
		<dict>
			<key>fileEncoding</key>
			<string>4</string>
			<key>isa</key>
			<string>PBXFileReference</string>
			<key>lastKnownFileType</key>
			<string>sourcecode.c.h</string>
			<key>path</key>
			<string>UIImage+Cache.h</string>
			<key>sourceTree</key>
			<string>&lt;group&gt;</string>
		</dict>
		<key>90DB44741B1CFFEE00D32CF1</key>
		<dict>
			<key>fileEncoding</key>
			<string>4</string>
			<key>isa</key>
			<string>PBXFileReference</string>
			<key>lastKnownFileType</key>
			<string>sourcecode.c.objc</string>
			<key>path</key>
			<string>UIImage+Cache.m</string>
			<key>sourceTree</key>
			<string>&lt;group&gt;</string>
		</dict>
		<key>90DB44751B1CFFEE00D32CF1</key>
		<dict>
			<key>fileRef</key>
			<string>90DB44741B1CFFEE00D32CF1</string>
			<key>isa</key>
			<string>PBXBuildFile</string>
		</dict>
		<key>90DB44761B1D03D700D32CF1</key>
		<dict>
			<key>children</key>
			<array>
				<string>907E8C081B1F473100C05EB9</string>
				<string>907E8C091B1F473100C05EB9</string>
				<string>90DB44731B1CFFEE00D32CF1</string>
				<string>90DB44741B1CFFEE00D32CF1</string>
			</array>
			<key>isa</key>
			<string>PBXGroup</string>
			<key>name</key>
			<string>Extensions</string>
			<key>path</key>
			<string>Extensions</string>
			<key>sourceTree</key>
			<string>&lt;group&gt;</string>
		</dict>
		<key>90DB44771B1D056500D32CF1</key>
		<dict>
			<key>children</key>
			<array>
				<string>90DB44781B1D08C500D32CF1</string>
				<string>90DB44791B1D08C500D32CF1</string>
				<string>907E8C021B1F425B00C05EB9</string>
				<string>907E8C031B1F425B00C05EB9</string>
			</array>
			<key>isa</key>
			<string>PBXGroup</string>
			<key>name</key>
			<string>Models</string>
			<key>path</key>
			<string>Models</string>
			<key>sourceTree</key>
			<string>&lt;group&gt;</string>
		</dict>
		<key>90DB44781B1D08C500D32CF1</key>
		<dict>
			<key>fileEncoding</key>
			<string>4</string>
			<key>isa</key>
			<string>PBXFileReference</string>
			<key>lastKnownFileType</key>
			<string>sourcecode.c.h</string>
			<key>path</key>
			<string>Album.h</string>
			<key>sourceTree</key>
			<string>&lt;group&gt;</string>
		</dict>
		<key>90DB44791B1D08C500D32CF1</key>
		<dict>
			<key>fileEncoding</key>
			<string>4</string>
			<key>isa</key>
			<string>PBXFileReference</string>
			<key>lastKnownFileType</key>
			<string>sourcecode.c.objc</string>
			<key>path</key>
			<string>Album.m</string>
			<key>sourceTree</key>
			<string>&lt;group&gt;</string>
		</dict>
		<key>90DB447A1B1D08C500D32CF1</key>
		<dict>
			<key>fileRef</key>
			<string>90DB44791B1D08C500D32CF1</string>
			<key>isa</key>
			<string>PBXBuildFile</string>
		</dict>
		<key>90DEA8611B1E1B1D001DA15E</key>
		<dict>
			<key>fileEncoding</key>
			<string>4</string>
			<key>isa</key>
			<string>PBXFileReference</string>
			<key>lastKnownFileType</key>
			<string>sourcecode.c.h</string>
			<key>path</key>
			<string>NetworkTask.h</string>
			<key>sourceTree</key>
			<string>&lt;group&gt;</string>
		</dict>
		<key>90DEA8621B1E1B1D001DA15E</key>
		<dict>
			<key>fileEncoding</key>
			<string>4</string>
			<key>isa</key>
			<string>PBXFileReference</string>
			<key>lastKnownFileType</key>
			<string>sourcecode.c.objc</string>
			<key>path</key>
			<string>NetworkTask.m</string>
			<key>sourceTree</key>
			<string>&lt;group&gt;</string>
		</dict>
		<key>90DEA8631B1E1B1D001DA15E</key>
		<dict>
			<key>fileRef</key>
			<string>90DEA8621B1E1B1D001DA15E</string>
			<key>isa</key>
			<string>PBXBuildFile</string>
		</dict>
		<key>90DEA8641B1E1D94001DA15E</key>
		<dict>
			<key>fileEncoding</key>
			<string>4</string>
			<key>isa</key>
			<string>PBXFileReference</string>
			<key>lastKnownFileType</key>
			<string>sourcecode.c.h</string>
			<key>path</key>
			<string>ItunesRequest.h</string>
			<key>sourceTree</key>
			<string>&lt;group&gt;</string>
		</dict>
		<key>90DEA8651B1E1D94001DA15E</key>
		<dict>
			<key>fileEncoding</key>
			<string>4</string>
			<key>isa</key>
			<string>PBXFileReference</string>
			<key>lastKnownFileType</key>
			<string>sourcecode.c.objc</string>
			<key>path</key>
			<string>ItunesRequest.m</string>
			<key>sourceTree</key>
			<string>&lt;group&gt;</string>
		</dict>
		<key>90DEA8661B1E1D94001DA15E</key>
		<dict>
			<key>fileRef</key>
			<string>90DEA8651B1E1D94001DA15E</string>
			<key>isa</key>
			<string>PBXBuildFile</string>
		</dict>
		<key>90DEA8671B1E1DEC001DA15E</key>
		<dict>
			<key>children</key>
			<array>
				<string>907E8C151B1F638400C05EB9</string>
				<string>90DEA8701B1E5B04001DA15E</string>
				<string>90DEA8611B1E1B1D001DA15E</string>
				<string>90DEA8621B1E1B1D001DA15E</string>
				<string>90DEA86F1B1E5AF8001DA15E</string>
			</array>
			<key>isa</key>
			<string>PBXGroup</string>
			<key>name</key>
			<string>Network</string>
			<key>path</key>
			<string>Network</string>
			<key>sourceTree</key>
			<string>&lt;group&gt;</string>
		</dict>
		<key>90DEA8681B1E1F3C001DA15E</key>
		<dict>
			<key>fileEncoding</key>
			<string>4</string>
			<key>isa</key>
			<string>PBXFileReference</string>
			<key>lastKnownFileType</key>
			<string>sourcecode.c.h</string>
			<key>path</key>
			<string>ItunesRequest+Lookup.h</string>
			<key>sourceTree</key>
			<string>&lt;group&gt;</string>
		</dict>
		<key>90DEA8691B1E1F3C001DA15E</key>
		<dict>
			<key>fileEncoding</key>
			<string>4</string>
			<key>isa</key>
			<string>PBXFileReference</string>
			<key>lastKnownFileType</key>
			<string>sourcecode.c.objc</string>
			<key>path</key>
			<string>ItunesRequest+Lookup.m</string>
			<key>sourceTree</key>
			<string>&lt;group&gt;</string>
		</dict>
		<key>90DEA86A1B1E1F3C001DA15E</key>
		<dict>
			<key>fileRef</key>
			<string>90DEA8691B1E1F3C001DA15E</string>
			<key>isa</key>
			<string>PBXBuildFile</string>
		</dict>
		<key>90DEA86B1B1E221A001DA15E</key>
		<dict>
			<key>children</key>
			<array>
				<string>907E8C051B1F443500C05EB9</string>
				<string>907E8C061B1F443500C05EB9</string>
				<string>907E8C0B1B1F487D00C05EB9</string>
				<string>907E8C0C1B1F487D00C05EB9</string>
			</array>
			<key>isa</key>
			<string>PBXGroup</string>
			<key>name</key>
			<string>Parsers</string>
			<key>path</key>
			<string>Parsers</string>
			<key>sourceTree</key>
			<string>&lt;group&gt;</string>
		</dict>
		<key>90DEA86C1B1E5AE1001DA15E</key>
		<dict>
			<key>fileEncoding</key>
			<string>4</string>
			<key>isa</key>
			<string>PBXFileReference</string>
			<key>lastKnownFileType</key>
			<string>sourcecode.c.h</string>
			<key>path</key>
			<string>LookupAlbumInteractor.h</string>
			<key>sourceTree</key>
			<string>&lt;group&gt;</string>
		</dict>
		<key>90DEA86D1B1E5AE1001DA15E</key>
		<dict>
			<key>fileEncoding</key>
			<string>4</string>
			<key>isa</key>
			<string>PBXFileReference</string>
			<key>lastKnownFileType</key>
			<string>sourcecode.c.objc</string>
			<key>path</key>
			<string>LookupAlbumInteractor.m</string>
			<key>sourceTree</key>
			<string>&lt;group&gt;</string>
		</dict>
		<key>90DEA86E1B1E5AE1001DA15E</key>
		<dict>
			<key>fileRef</key>
			<string>90DEA86D1B1E5AE1001DA15E</string>
			<key>isa</key>
			<string>PBXBuildFile</string>
		</dict>
		<key>90DEA86F1B1E5AF8001DA15E</key>
		<dict>
			<key>children</key>
			<array>
				<string>90DEA8641B1E1D94001DA15E</string>
				<string>90DEA8651B1E1D94001DA15E</string>
				<string>90DEA8681B1E1F3C001DA15E</string>
				<string>90DEA8691B1E1F3C001DA15E</string>
			</array>
			<key>isa</key>
			<string>PBXGroup</string>
			<key>name</key>
			<string>ItunesRequest</string>
			<key>path</key>
			<string>ItunesRequest</string>
			<key>sourceTree</key>
			<string>&lt;group&gt;</string>
		</dict>
		<key>90DEA8701B1E5B04001DA15E</key>
		<dict>
			<key>children</key>
			<array>
				<string>90DEA86C1B1E5AE1001DA15E</string>
				<string>90DEA86D1B1E5AE1001DA15E</string>
			</array>
			<key>isa</key>
			<string>PBXGroup</string>
			<key>name</key>
			<string>Interactors</string>
			<key>path</key>
			<string>Interactors</string>
			<key>sourceTree</key>
			<string>&lt;group&gt;</string>
		</dict>
		<key>A9BAAF8E917BD38FFE0E126C</key>
		<dict>
			<key>children</key>
			<array>
				<string>EA156ADB689E7DCFDC642340</string>
			</array>
			<key>isa</key>
			<string>PBXGroup</string>
			<key>name</key>
			<string>Frameworks</string>
			<key>sourceTree</key>
			<string>&lt;group&gt;</string>
		</dict>
		<key>B5C1C1E85570BD322DDE42F1</key>
		<dict>
			<key>buildActionMask</key>
			<string>2147483647</string>
			<key>files</key>
			<array/>
			<key>inputPaths</key>
			<array/>
			<key>isa</key>
			<string>PBXShellScriptBuildPhase</string>
			<key>name</key>
			<string>Copy Pods Resources</string>
			<key>outputPaths</key>
			<array/>
			<key>runOnlyForDeploymentPostprocessing</key>
			<string>0</string>
			<key>shellPath</key>
			<string>/bin/sh</string>
			<key>shellScript</key>
			<string>"${SRCROOT}/Pods/Target Support Files/Pods/Pods-resources.sh"
</string>
			<key>showEnvVarsInLog</key>
			<string>0</string>
		</dict>
		<key>BA277AC61A35C014C08C7D38</key>
		<dict>
			<key>buildActionMask</key>
			<string>2147483647</string>
			<key>files</key>
			<array/>
			<key>inputPaths</key>
			<array/>
			<key>isa</key>
			<string>PBXShellScriptBuildPhase</string>
			<key>name</key>
			<string>Check Pods Manifest.lock</string>
			<key>outputPaths</key>
			<array/>
			<key>runOnlyForDeploymentPostprocessing</key>
			<string>0</string>
			<key>shellPath</key>
			<string>/bin/sh</string>
			<key>shellScript</key>
			<string>diff "${PODS_ROOT}/../Podfile.lock" "${PODS_ROOT}/Manifest.lock" &gt; /dev/null
if [[ $? != 0 ]] ; then
    cat &lt;&lt; EOM
error: The sandbox is not in sync with the Podfile.lock. Run 'pod install' or update your CocoaPods installation.
EOM
    exit 1
fi
</string>
			<key>showEnvVarsInLog</key>
			<string>0</string>
		</dict>
		<key>BC2AD2E4AB66E107BC32EBEB</key>
		<dict>
			<key>includeInIndex</key>
			<string>1</string>
			<key>isa</key>
			<string>PBXFileReference</string>
			<key>lastKnownFileType</key>
			<string>text.xcconfig</string>
			<key>name</key>
			<string>Pods.release.xcconfig</string>
			<key>path</key>
			<string>Pods/Target Support Files/Pods/Pods.release.xcconfig</string>
			<key>sourceTree</key>
			<string>&lt;group&gt;</string>
		</dict>
		<key>CD3FA798CFDE9255A84C4CDF</key>
		<dict>
			<key>children</key>
			<array>
				<string>ED16ABD0BB65FC5886FA776C</string>
				<string>BC2AD2E4AB66E107BC32EBEB</string>
			</array>
			<key>isa</key>
			<string>PBXGroup</string>
			<key>name</key>
			<string>Pods</string>
			<key>sourceTree</key>
			<string>&lt;group&gt;</string>
		</dict>
		<key>EA156ADB689E7DCFDC642340</key>
		<dict>
			<key>explicitFileType</key>
			<string>archive.ar</string>
			<key>includeInIndex</key>
			<string>0</string>
			<key>isa</key>
			<string>PBXFileReference</string>
			<key>path</key>
			<string>libPods.a</string>
			<key>sourceTree</key>
			<string>BUILT_PRODUCTS_DIR</string>
		</dict>
		<key>ED16ABD0BB65FC5886FA776C</key>
		<dict>
			<key>includeInIndex</key>
			<string>1</string>
			<key>isa</key>
			<string>PBXFileReference</string>
			<key>lastKnownFileType</key>
			<string>text.xcconfig</string>
			<key>name</key>
			<string>Pods.debug.xcconfig</string>
			<key>path</key>
			<string>Pods/Target Support Files/Pods/Pods.debug.xcconfig</string>
			<key>sourceTree</key>
			<string>&lt;group&gt;</string>
		</dict>
	</dict>
	<key>rootObject</key>
	<string>901E20DC1B1CEE3A0030727F</string>
</dict>
</plist>
